
Microsoft Visual Studio Solution File, Format Version 12.00
# Visual Studio Version 17
VisualStudioVersion = 17.4.33205.214
MinimumVisualStudioVersion = 10.0.40219.1
Project("{9A19103F-16F7-4668-BE54-9A1E7A4F7556}") = "WordleAPI", "WordleAPI.csproj", "{A1F76198-221D-4D0C-BE03-016DEDF079B5}"
EndProject
Project("{FAE04EC0-301F-11D3-BF4B-00C04F79EFBC}") = "WordClient", "..\WordClient\WordClient.csproj", "{C870B134-22BB-45B2-8A06-B77B4A657814}"
EndProject
Global
	GlobalSection(SolutionConfigurationPlatforms) = preSolution
		Debug|Any CPU = Debug|Any CPU
		Release|Any CPU = Release|Any CPU
	EndGlobalSection
	GlobalSection(ProjectConfigurationPlatforms) = postSolution
		{A1F76198-221D-4D0C-BE03-016DEDF079B5}.Debug|Any CPU.ActiveCfg = Debug|Any CPU
		{A1F76198-221D-4D0C-BE03-016DEDF079B5}.Debug|Any CPU.Build.0 = Debug|Any CPU
		{A1F76198-221D-4D0C-BE03-016DEDF079B5}.Release|Any CPU.ActiveCfg = Release|Any CPU
		{A1F76198-221D-4D0C-BE03-016DEDF079B5}.Release|Any CPU.Build.0 = Release|Any CPU
		{C870B134-22BB-45B2-8A06-B77B4A657814}.Debug|Any CPU.ActiveCfg = Debug|Any CPU
		{C870B134-22BB-45B2-8A06-B77B4A657814}.Debug|Any CPU.Build.0 = Debug|Any CPU
		{C870B134-22BB-45B2-8A06-B77B4A657814}.Release|Any CPU.ActiveCfg = Release|Any CPU
		{C870B134-22BB-45B2-8A06-B77B4A657814}.Release|Any CPU.Build.0 = Release|Any CPU
	EndGlobalSection
	GlobalSection(SolutionProperties) = preSolution
		HideSolutionNode = FALSE
	EndGlobalSection
	GlobalSection(ExtensibilityGlobals) = postSolution
		SolutionGuid = {3F6E8119-420C-469C-9DD2-75E0F4E1E0E6}
	EndGlobalSection
EndGlobal
